
Microsoft Visual Studio Solution File, Format Version 12.00
# Visual Studio Version 16
VisualStudioVersion = 16.0.33927.289
MinimumVisualStudioVersion = 10.0.40219.1
Project("{FAE04EC0-301F-11D3-BF4B-00C04F79EFBC}") = "BBR", "BBR\BBR.csproj", "{24FB8FCA-F638-46D1-94F4-AD8311DD3CA9}"
EndProject
Global
	GlobalSection(SolutionConfigurationPlatforms) = preSolution
		Debug|Any CPU = Debug|Any CPU
		Release|Any CPU = Release|Any CPU
	EndGlobalSection
	GlobalSection(ProjectConfigurationPlatforms) = postSolution
		{24FB8FCA-F638-46D1-94F4-AD8311DD3CA9}.Debug|Any CPU.ActiveCfg = Debug|Any CPU
		{24FB8FCA-F638-46D1-94F4-AD8311DD3CA9}.Debug|Any CPU.Build.0 = Debug|Any CPU
		{24FB8FCA-F638-46D1-94F4-AD8311DD3CA9}.Release|Any CPU.ActiveCfg = Release|Any CPU
		{24FB8FCA-F638-46D1-94F4-AD8311DD3CA9}.Release|Any CPU.Build.0 = Release|Any CPU
	EndGlobalSection
	GlobalSection(SolutionProperties) = preSolution
		HideSolutionNode = FALSE
	EndGlobalSection
	GlobalSection(ExtensibilityGlobals) = postSolution
		SolutionGuid = {67C7F73A-7718-413F-A4E8-F6566B2E1E48}
	EndGlobalSection
EndGlobal
